
Microsoft Visual Studio Solution File, Format Version 12.00
# Visual Studio Version 16
VisualStudioVersion = 16.0.31205.134
MinimumVisualStudioVersion = 10.0.40219.1
Project("{9A19103F-16F7-4668-BE54-9A1E7A4F7556}") = "Converter", "Converter.csproj", "{3AD483B3-09EC-4ACE-993A-1FFED6ADB821}"
EndProject
Project("{9A19103F-16F7-4668-BE54-9A1E7A4F7556}") = "MicroService", "..\MicroService\MicroService.csproj", "{7AD1F900-4748-4654-8A34-0FED50070274}"
EndProject
Global
	GlobalSection(SolutionConfigurationPlatforms) = preSolution
		Debug|Any CPU = Debug|Any CPU
		Release|Any CPU = Release|Any CPU
	EndGlobalSection
	GlobalSection(ProjectConfigurationPlatforms) = postSolution
		{3AD483B3-09EC-4ACE-993A-1FFED6ADB821}.Debug|Any CPU.ActiveCfg = Debug|Any CPU
		{3AD483B3-09EC-4ACE-993A-1FFED6ADB821}.Debug|Any CPU.Build.0 = Debug|Any CPU
		{3AD483B3-09EC-4ACE-993A-1FFED6ADB821}.Release|Any CPU.ActiveCfg = Release|Any CPU
		{3AD483B3-09EC-4ACE-993A-1FFED6ADB821}.Release|Any CPU.Build.0 = Release|Any CPU
		{7AD1F900-4748-4654-8A34-0FED50070274}.Debug|Any CPU.ActiveCfg = Debug|Any CPU
		{7AD1F900-4748-4654-8A34-0FED50070274}.Debug|Any CPU.Build.0 = Debug|Any CPU
		{7AD1F900-4748-4654-8A34-0FED50070274}.Release|Any CPU.ActiveCfg = Release|Any CPU
		{7AD1F900-4748-4654-8A34-0FED50070274}.Release|Any CPU.Build.0 = Release|Any CPU
	EndGlobalSection
	GlobalSection(SolutionProperties) = preSolution
		HideSolutionNode = FALSE
	EndGlobalSection
	GlobalSection(ExtensibilityGlobals) = postSolution
		SolutionGuid = {F5EA50A1-2FEB-48F5-BB1C-62ED1C8EDA9F}
	EndGlobalSection
EndGlobal
